// !$*UTF8*$!
{
	archiveVersion = 1;
	classes = {
	};
	objectVersion = 50;
	objects = {

/* Begin PBXBuildFile section */
		75D0C115BA755D88F5C5F042 /* Pods_EventsIOS.framework in Frameworks */ = {isa = PBXBuildFile; fileRef = 5E5571407C61E5CD71AEF74A /* Pods_EventsIOS.framework */; };
		DE0FBA1920F2DF2600921DEC /* ProfileEventController.swift in Sources */ = {isa = PBXBuildFile; fileRef = DE0FBA1820F2DF2600921DEC /* ProfileEventController.swift */; };
		DE1F1D2220F5EBB100503134 /* ProfileEventInformationController.swift in Sources */ = {isa = PBXBuildFile; fileRef = DE1F1D2120F5EBB100503134 /* ProfileEventInformationController.swift */; };
		DE1F1D2920F5EC1400503134 /* ProfileEventProductsController.swift in Sources */ = {isa = PBXBuildFile; fileRef = DE1F1D2820F5EC1400503134 /* ProfileEventProductsController.swift */; };
		DE1F1D2B20F5EC2100503134 /* ProfileEventPromotionsController.swift in Sources */ = {isa = PBXBuildFile; fileRef = DE1F1D2A20F5EC2100503134 /* ProfileEventPromotionsController.swift */; };
		DE1F1D2D20F5EC2E00503134 /* ProfileEventCouponsController.swift in Sources */ = {isa = PBXBuildFile; fileRef = DE1F1D2C20F5EC2E00503134 /* ProfileEventCouponsController.swift */; };
		DE1F1D2F20F5EC3A00503134 /* ProfileEventCommentsController.swift in Sources */ = {isa = PBXBuildFile; fileRef = DE1F1D2E20F5EC3A00503134 /* ProfileEventCommentsController.swift */; };
		DE1F1D3920F6DE1F00503134 /* ProductsEvent.swift in Sources */ = {isa = PBXBuildFile; fileRef = DE1F1D3820F6DE1F00503134 /* ProductsEvent.swift */; };
		DE209CEC20F009210042AC87 /* DesignableButton.swift in Sources */ = {isa = PBXBuildFile; fileRef = DE209CEB20F009210042AC87 /* DesignableButton.swift */; };
		DE209CEE20F009F60042AC87 /* DesignableTextField.swift in Sources */ = {isa = PBXBuildFile; fileRef = DE209CED20F009F60042AC87 /* DesignableTextField.swift */; };
		DE2B13D820F1627D00870BE9 /* NotificationModel.swift in Sources */ = {isa = PBXBuildFile; fileRef = DE2B13D720F1627D00870BE9 /* NotificationModel.swift */; };
		DE2B13DA20F1629800870BE9 /* NotificationViewModel.swift in Sources */ = {isa = PBXBuildFile; fileRef = DE2B13D920F1629800870BE9 /* NotificationViewModel.swift */; };
		DE2B13DD20F1630B00870BE9 /* Notification.swift in Sources */ = {isa = PBXBuildFile; fileRef = DE2B13DC20F1630B00870BE9 /* Notification.swift */; };
		DE2B13DF20F163DA00870BE9 /* NotificationCell.swift in Sources */ = {isa = PBXBuildFile; fileRef = DE2B13DE20F163DA00870BE9 /* NotificationCell.swift */; };
		DE2B13E120F1666400870BE9 /* NotificationListViewModel.swift in Sources */ = {isa = PBXBuildFile; fileRef = DE2B13E020F1666400870BE9 /* NotificationListViewModel.swift */; };
		DE4403D220E9FE61002606C4 /* AppDelegate.swift in Sources */ = {isa = PBXBuildFile; fileRef = DE4403D120E9FE61002606C4 /* AppDelegate.swift */; };
		DE4403D420E9FE61002606C4 /* LoginController.swift in Sources */ = {isa = PBXBuildFile; fileRef = DE4403D320E9FE61002606C4 /* LoginController.swift */; };
		DE4403D720E9FE61002606C4 /* Main.storyboard in Resources */ = {isa = PBXBuildFile; fileRef = DE4403D520E9FE61002606C4 /* Main.storyboard */; };
		DE4403D920E9FE65002606C4 /* Assets.xcassets in Resources */ = {isa = PBXBuildFile; fileRef = DE4403D820E9FE65002606C4 /* Assets.xcassets */; };
		DE4403DC20E9FE65002606C4 /* LaunchScreen.storyboard in Resources */ = {isa = PBXBuildFile; fileRef = DE4403DA20E9FE65002606C4 /* LaunchScreen.storyboard */; };
		DE5EFF1120FDC66700C9B7C8 /* PrivacyController.swift in Sources */ = {isa = PBXBuildFile; fileRef = DE5EFF1020FDC66700C9B7C8 /* PrivacyController.swift */; };
		DE5EFF1520FDC6AD00C9B7C8 /* ReportProblemsController.swift in Sources */ = {isa = PBXBuildFile; fileRef = DE5EFF1420FDC6AD00C9B7C8 /* ReportProblemsController.swift */; };
		DE5EFF1920FDC6EB00C9B7C8 /* AboutController.swift in Sources */ = {isa = PBXBuildFile; fileRef = DE5EFF1820FDC6EB00C9B7C8 /* AboutController.swift */; };
		DE5EFF1D20FDC72400C9B7C8 /* HelpController.swift in Sources */ = {isa = PBXBuildFile; fileRef = DE5EFF1C20FDC72400C9B7C8 /* HelpController.swift */; };
		DE5EFF2120FDC76600C9B7C8 /* SettingsController.swift in Sources */ = {isa = PBXBuildFile; fileRef = DE5EFF2020FDC76600C9B7C8 /* SettingsController.swift */; };
		DE5EFF2320FDCBA900C9B7C8 /* MapKit.framework in Frameworks */ = {isa = PBXBuildFile; fileRef = DE5EFF2220FDCBA900C9B7C8 /* MapKit.framework */; };
		DE664AF3210011080011E949 /* HelpCell.swift in Sources */ = {isa = PBXBuildFile; fileRef = DE664AF2210011080011E949 /* HelpCell.swift */; };
		DE664AF5210011180011E949 /* Help.swift in Sources */ = {isa = PBXBuildFile; fileRef = DE664AF4210011180011E949 /* Help.swift */; };
		DE664AF921004A460011E949 /* MyCreditCardController.swift in Sources */ = {isa = PBXBuildFile; fileRef = DE664AF821004A460011E949 /* MyCreditCardController.swift */; };
		DE724C8A20F18C4C002504C6 /* Event.swift in Sources */ = {isa = PBXBuildFile; fileRef = DE724C8920F18C4C002504C6 /* Event.swift */; };
		DE724C8C20F18C5C002504C6 /* EventCell.swift in Sources */ = {isa = PBXBuildFile; fileRef = DE724C8B20F18C5B002504C6 /* EventCell.swift */; };
		DE724C9020F18CA8002504C6 /* EventModel.swift in Sources */ = {isa = PBXBuildFile; fileRef = DE724C8F20F18CA8002504C6 /* EventModel.swift */; };
		DE724C9220F18CBA002504C6 /* EventViewModel.swift in Sources */ = {isa = PBXBuildFile; fileRef = DE724C9120F18CBA002504C6 /* EventViewModel.swift */; };
		DE724C9420F18CCA002504C6 /* EventListViewModel.swift in Sources */ = {isa = PBXBuildFile; fileRef = DE724C9320F18CCA002504C6 /* EventListViewModel.swift */; };
		DE82555721028D2800582D20 /* NewCommentController.swift in Sources */ = {isa = PBXBuildFile; fileRef = DE82555621028D2800582D20 /* NewCommentController.swift */; };
		DE82555B2102AD7600582D20 /* InfoCardController.swift in Sources */ = {isa = PBXBuildFile; fileRef = DE82555A2102AD7600582D20 /* InfoCardController.swift */; };
		DE8255622102BFE300582D20 /* InfoCardShoppingController.swift in Sources */ = {isa = PBXBuildFile; fileRef = DE8255612102BFE200582D20 /* InfoCardShoppingController.swift */; };
		DE8255662102C7FD00582D20 /* Products.swift in Sources */ = {isa = PBXBuildFile; fileRef = DE8255652102C7FD00582D20 /* Products.swift */; };
		DE8255692102C82A00582D20 /* InfoCardShopping.swift in Sources */ = {isa = PBXBuildFile; fileRef = DE8255682102C82A00582D20 /* InfoCardShopping.swift */; };
		DE8C49F620F6FC42009C5F39 /* ProfileEventProductsCell.swift in Sources */ = {isa = PBXBuildFile; fileRef = DE8C49F520F6FC42009C5F39 /* ProfileEventProductsCell.swift */; };
		DE8C49F820F70B89009C5F39 /* ProcutsEventCollection.swift in Sources */ = {isa = PBXBuildFile; fileRef = DE8C49F720F70B89009C5F39 /* ProcutsEventCollection.swift */; };
		DE8C49FB20F724CD009C5F39 /* PromotionsEventCell.swift in Sources */ = {isa = PBXBuildFile; fileRef = DE8C49FA20F724CD009C5F39 /* PromotionsEventCell.swift */; };
		DE8C49FD20F724DB009C5F39 /* PromotionsEvent.swift in Sources */ = {isa = PBXBuildFile; fileRef = DE8C49FC20F724DB009C5F39 /* PromotionsEvent.swift */; };
		DE8C49FF20F724F1009C5F39 /* ProductsEventModel.swift in Sources */ = {isa = PBXBuildFile; fileRef = DE8C49FE20F724F1009C5F39 /* ProductsEventModel.swift */; };
		DE8C4A0220F72EB1009C5F39 /* ProfileEventCouponsCell.swift in Sources */ = {isa = PBXBuildFile; fileRef = DE8C4A0120F72EB1009C5F39 /* ProfileEventCouponsCell.swift */; };
		DEAB1CFA20FF01AD00436CC1 /* ShoppingCartController.swift in Sources */ = {isa = PBXBuildFile; fileRef = DEAB1CF920FF01AD00436CC1 /* ShoppingCartController.swift */; };
		DEAB3CA920ED2A1A009D30E8 /* RegisterUserNumberPlacesController.swift in Sources */ = {isa = PBXBuildFile; fileRef = DEAB3CA820ED2A1A009D30E8 /* RegisterUserNumberPlacesController.swift */; };
		DEAB3CAB20ED2A45009D30E8 /* RegisterUserPromotionsController.swift in Sources */ = {isa = PBXBuildFile; fileRef = DEAB3CAA20ED2A45009D30E8 /* RegisterUserPromotionsController.swift */; };
		DEAB3CAD20ED2A53009D30E8 /* RegisterUserMenuController.swift in Sources */ = {isa = PBXBuildFile; fileRef = DEAB3CAC20ED2A53009D30E8 /* RegisterUserMenuController.swift */; };
		DEAB3CAF20ED2A6C009D30E8 /* RegisterUserBuyController.swift in Sources */ = {isa = PBXBuildFile; fileRef = DEAB3CAE20ED2A6C009D30E8 /* RegisterUserBuyController.swift */; };
		DEAB3CB120ED2A91009D30E8 /* RegisterUserAnswersController.swift in Sources */ = {isa = PBXBuildFile; fileRef = DEAB3CB020ED2A91009D30E8 /* RegisterUserAnswersController.swift */; };
		DEAB3CB320ED2AD6009D30E8 /* RegisterUserGuaranteedTableController.swift in Sources */ = {isa = PBXBuildFile; fileRef = DEAB3CB220ED2AD6009D30E8 /* RegisterUserGuaranteedTableController.swift */; };
		DEAB3CB620ED2B08009D30E8 /* RegisterUserAskDrinkController.swift in Sources */ = {isa = PBXBuildFile; fileRef = DEAB3CB520ED2B08009D30E8 /* RegisterUserAskDrinkController.swift */; };
		DEAB3CB820ED4EE4009D30E8 /* RegistrerUserEmailAndPasswordController.swift in Sources */ = {isa = PBXBuildFile; fileRef = DEAB3CB720ED4EE4009D30E8 /* RegistrerUserEmailAndPasswordController.swift */; };
		DEBF06E321016DE900ABC3C2 /* NewCreditCardController.swift in Sources */ = {isa = PBXBuildFile; fileRef = DEBF06E221016DE900ABC3C2 /* NewCreditCardController.swift */; };
		DEBF06E52101803900ABC3C2 /* MyCreditsCardsCell.swift in Sources */ = {isa = PBXBuildFile; fileRef = DEBF06E42101803900ABC3C2 /* MyCreditsCardsCell.swift */; };
		DEBF06E82101941800ABC3C2 /* CreditCard.swift in Sources */ = {isa = PBXBuildFile; fileRef = DEBF06E72101941800ABC3C2 /* CreditCard.swift */; };
		DECD373520EDEFB40074AB19 /* User.storyboard in Resources */ = {isa = PBXBuildFile; fileRef = DECD373420EDEFB40074AB19 /* User.storyboard */; };
		DECD373720EDF2E70074AB19 /* Employees.storyboard in Resources */ = {isa = PBXBuildFile; fileRef = DECD373620EDF2E70074AB19 /* Employees.storyboard */; };
		DECD373E20EEBB770074AB19 /* ProfileUserController.swift in Sources */ = {isa = PBXBuildFile; fileRef = DECD373D20EEBB770074AB19 /* ProfileUserController.swift */; };
		DECD374120EEBBA60074AB19 /* MapController.swift in Sources */ = {isa = PBXBuildFile; fileRef = DECD374020EEBBA60074AB19 /* MapController.swift */; };
		DECD374420EEBBC70074AB19 /* EventController.swift in Sources */ = {isa = PBXBuildFile; fileRef = DECD374320EEBBC70074AB19 /* EventController.swift */; };
		DECD374720EEBBEA0074AB19 /* NotificationController.swift in Sources */ = {isa = PBXBuildFile; fileRef = DECD374620EEBBEA0074AB19 /* NotificationController.swift */; };
		DECD374920EED2750074AB19 /* InvitationCard.swift in Sources */ = {isa = PBXBuildFile; fileRef = DECD374820EED2750074AB19 /* InvitationCard.swift */; };
		DECD374C20EED9320074AB19 /* MapControllerExt.swift in Sources */ = {isa = PBXBuildFile; fileRef = DECD374B20EED9320074AB19 /* MapControllerExt.swift */; };
		DECD374E20EEE0BE0074AB19 /* LocationManagerExt.swift in Sources */ = {isa = PBXBuildFile; fileRef = DECD374D20EEE0BE0074AB19 /* LocationManagerExt.swift */; };
		DECFD76320FEDC1B003812DD /* MyCouponsController.swift in Sources */ = {isa = PBXBuildFile; fileRef = DECFD76220FEDC1B003812DD /* MyCouponsController.swift */; };
		DECFD76620FEDEBC003812DD /* Coupons.swift in Sources */ = {isa = PBXBuildFile; fileRef = DECFD76520FEDEBC003812DD /* Coupons.swift */; };
		DECFD76820FEDECD003812DD /* MyCouponsCell.swift in Sources */ = {isa = PBXBuildFile; fileRef = DECFD76720FEDECD003812DD /* MyCouponsCell.swift */; };
		DEDB8E3020FC79FC001E90EA /* MyEventController.swift in Sources */ = {isa = PBXBuildFile; fileRef = DEDB8E2F20FC79FC001E90EA /* MyEventController.swift */; };
		DEDB8E3420FC7B2B001E90EA /* NewEventController.swift in Sources */ = {isa = PBXBuildFile; fileRef = DEDB8E3320FC7B2B001E90EA /* NewEventController.swift */; };
		DEE8025420EEF41900ABAFEF /* InfoEvenController.swift in Sources */ = {isa = PBXBuildFile; fileRef = DEE8025320EEF41900ABAFEF /* InfoEvenController.swift */; };
		DEE8025620EEFB0200ABAFEF /* DesignableGradient.swift in Sources */ = {isa = PBXBuildFile; fileRef = DEE8025520EEFB0200ABAFEF /* DesignableGradient.swift */; };
		DEE8025820EF012F00ABAFEF /* DesignableImage.swift in Sources */ = {isa = PBXBuildFile; fileRef = DEE8025720EF012F00ABAFEF /* DesignableImage.swift */; };
		DEF926F020F5242D00621ED0 /* ProfileEventModel.swift in Sources */ = {isa = PBXBuildFile; fileRef = DEF926EF20F5242D00621ED0 /* ProfileEventModel.swift */; };
		DEF926F320F5244500621ED0 /* ProfileEventViewModel.swift in Sources */ = {isa = PBXBuildFile; fileRef = DEF926F220F5244500621ED0 /* ProfileEventViewModel.swift */; };
		DEF926F520F5244C00621ED0 /* ProfileEventListViewModel.swift in Sources */ = {isa = PBXBuildFile; fileRef = DEF926F420F5244C00621ED0 /* ProfileEventListViewModel.swift */; };
		DEF926F720F5246200621ED0 /* ProfileEvent.swift in Sources */ = {isa = PBXBuildFile; fileRef = DEF926F620F5246200621ED0 /* ProfileEvent.swift */; };
		DEF926F920F5247900621ED0 /* ProfileEventCell.swift in Sources */ = {isa = PBXBuildFile; fileRef = DEF926F820F5247900621ED0 /* ProfileEventCell.swift */; };
/* End PBXBuildFile section */

/* Begin PBXFileReference section */
		5E5571407C61E5CD71AEF74A /* Pods_EventsIOS.framework */ = {isa = PBXFileReference; explicitFileType = wrapper.framework; includeInIndex = 0; path = Pods_EventsIOS.framework; sourceTree = BUILT_PRODUCTS_DIR; };
		761F37E3749DD414C245D3D8 /* Pods-EventsIOS.release.xcconfig */ = {isa = PBXFileReference; includeInIndex = 1; lastKnownFileType = text.xcconfig; name = "Pods-EventsIOS.release.xcconfig"; path = "Pods/Target Support Files/Pods-EventsIOS/Pods-EventsIOS.release.xcconfig"; sourceTree = "<group>"; };
		799E4A944D0D180A48E5833E /* Pods-EventsIOS.debug.xcconfig */ = {isa = PBXFileReference; includeInIndex = 1; lastKnownFileType = text.xcconfig; name = "Pods-EventsIOS.debug.xcconfig"; path = "Pods/Target Support Files/Pods-EventsIOS/Pods-EventsIOS.debug.xcconfig"; sourceTree = "<group>"; };
		DE0FBA1820F2DF2600921DEC /* ProfileEventController.swift */ = {isa = PBXFileReference; lastKnownFileType = sourcecode.swift; path = ProfileEventController.swift; sourceTree = "<group>"; };
		DE1F1D2120F5EBB100503134 /* ProfileEventInformationController.swift */ = {isa = PBXFileReference; lastKnownFileType = sourcecode.swift; path = ProfileEventInformationController.swift; sourceTree = "<group>"; };
		DE1F1D2820F5EC1400503134 /* ProfileEventProductsController.swift */ = {isa = PBXFileReference; lastKnownFileType = sourcecode.swift; path = ProfileEventProductsController.swift; sourceTree = "<group>"; };
		DE1F1D2A20F5EC2100503134 /* ProfileEventPromotionsController.swift */ = {isa = PBXFileReference; lastKnownFileType = sourcecode.swift; path = ProfileEventPromotionsController.swift; sourceTree = "<group>"; };
		DE1F1D2C20F5EC2E00503134 /* ProfileEventCouponsController.swift */ = {isa = PBXFileReference; lastKnownFileType = sourcecode.swift; path = ProfileEventCouponsController.swift; sourceTree = "<group>"; };
		DE1F1D2E20F5EC3A00503134 /* ProfileEventCommentsController.swift */ = {isa = PBXFileReference; lastKnownFileType = sourcecode.swift; path = ProfileEventCommentsController.swift; sourceTree = "<group>"; };
		DE1F1D3820F6DE1F00503134 /* ProductsEvent.swift */ = {isa = PBXFileReference; lastKnownFileType = sourcecode.swift; path = ProductsEvent.swift; sourceTree = "<group>"; };
		DE209CEB20F009210042AC87 /* DesignableButton.swift */ = {isa = PBXFileReference; lastKnownFileType = sourcecode.swift; path = DesignableButton.swift; sourceTree = "<group>"; };
		DE209CED20F009F60042AC87 /* DesignableTextField.swift */ = {isa = PBXFileReference; lastKnownFileType = sourcecode.swift; path = DesignableTextField.swift; sourceTree = "<group>"; };
		DE2B13D720F1627D00870BE9 /* NotificationModel.swift */ = {isa = PBXFileReference; lastKnownFileType = sourcecode.swift; path = NotificationModel.swift; sourceTree = "<group>"; };
		DE2B13D920F1629800870BE9 /* NotificationViewModel.swift */ = {isa = PBXFileReference; lastKnownFileType = sourcecode.swift; path = NotificationViewModel.swift; sourceTree = "<group>"; };
		DE2B13DC20F1630B00870BE9 /* Notification.swift */ = {isa = PBXFileReference; lastKnownFileType = sourcecode.swift; path = Notification.swift; sourceTree = "<group>"; };
		DE2B13DE20F163DA00870BE9 /* NotificationCell.swift */ = {isa = PBXFileReference; lastKnownFileType = sourcecode.swift; path = NotificationCell.swift; sourceTree = "<group>"; };
		DE2B13E020F1666400870BE9 /* NotificationListViewModel.swift */ = {isa = PBXFileReference; lastKnownFileType = sourcecode.swift; path = NotificationListViewModel.swift; sourceTree = "<group>"; };
		DE4403CE20E9FE61002606C4 /* EventsIOS.app */ = {isa = PBXFileReference; explicitFileType = wrapper.application; includeInIndex = 0; path = EventsIOS.app; sourceTree = BUILT_PRODUCTS_DIR; };
		DE4403D120E9FE61002606C4 /* AppDelegate.swift */ = {isa = PBXFileReference; lastKnownFileType = sourcecode.swift; path = AppDelegate.swift; sourceTree = "<group>"; };
		DE4403D320E9FE61002606C4 /* LoginController.swift */ = {isa = PBXFileReference; lastKnownFileType = sourcecode.swift; path = LoginController.swift; sourceTree = "<group>"; };
		DE4403D620E9FE61002606C4 /* Base */ = {isa = PBXFileReference; lastKnownFileType = file.storyboard; name = Base; path = Base.lproj/Main.storyboard; sourceTree = "<group>"; };
		DE4403D820E9FE65002606C4 /* Assets.xcassets */ = {isa = PBXFileReference; lastKnownFileType = folder.assetcatalog; path = Assets.xcassets; sourceTree = "<group>"; };
		DE4403DB20E9FE65002606C4 /* Base */ = {isa = PBXFileReference; lastKnownFileType = file.storyboard; name = Base; path = Base.lproj/LaunchScreen.storyboard; sourceTree = "<group>"; };
		DE4403DD20E9FE65002606C4 /* Info.plist */ = {isa = PBXFileReference; lastKnownFileType = text.plist.xml; path = Info.plist; sourceTree = "<group>"; };
		DE5EFF1020FDC66700C9B7C8 /* PrivacyController.swift */ = {isa = PBXFileReference; lastKnownFileType = sourcecode.swift; path = PrivacyController.swift; sourceTree = "<group>"; };
		DE5EFF1420FDC6AD00C9B7C8 /* ReportProblemsController.swift */ = {isa = PBXFileReference; lastKnownFileType = sourcecode.swift; path = ReportProblemsController.swift; sourceTree = "<group>"; };
		DE5EFF1820FDC6EB00C9B7C8 /* AboutController.swift */ = {isa = PBXFileReference; lastKnownFileType = sourcecode.swift; path = AboutController.swift; sourceTree = "<group>"; };
		DE5EFF1C20FDC72400C9B7C8 /* HelpController.swift */ = {isa = PBXFileReference; lastKnownFileType = sourcecode.swift; path = HelpController.swift; sourceTree = "<group>"; };
		DE5EFF2020FDC76600C9B7C8 /* SettingsController.swift */ = {isa = PBXFileReference; lastKnownFileType = sourcecode.swift; path = SettingsController.swift; sourceTree = "<group>"; };
		DE5EFF2220FDCBA900C9B7C8 /* MapKit.framework */ = {isa = PBXFileReference; lastKnownFileType = wrapper.framework; name = MapKit.framework; path = System/Library/Frameworks/MapKit.framework; sourceTree = SDKROOT; };
		DE664AF2210011080011E949 /* HelpCell.swift */ = {isa = PBXFileReference; lastKnownFileType = sourcecode.swift; path = HelpCell.swift; sourceTree = "<group>"; };
		DE664AF4210011180011E949 /* Help.swift */ = {isa = PBXFileReference; lastKnownFileType = sourcecode.swift; path = Help.swift; sourceTree = "<group>"; };
		DE664AF821004A460011E949 /* MyCreditCardController.swift */ = {isa = PBXFileReference; lastKnownFileType = sourcecode.swift; path = MyCreditCardController.swift; sourceTree = "<group>"; };
		DE724C8920F18C4C002504C6 /* Event.swift */ = {isa = PBXFileReference; lastKnownFileType = sourcecode.swift; path = Event.swift; sourceTree = "<group>"; };
		DE724C8B20F18C5B002504C6 /* EventCell.swift */ = {isa = PBXFileReference; lastKnownFileType = sourcecode.swift; path = EventCell.swift; sourceTree = "<group>"; };
		DE724C8F20F18CA8002504C6 /* EventModel.swift */ = {isa = PBXFileReference; lastKnownFileType = sourcecode.swift; path = EventModel.swift; sourceTree = "<group>"; };
		DE724C9120F18CBA002504C6 /* EventViewModel.swift */ = {isa = PBXFileReference; lastKnownFileType = sourcecode.swift; path = EventViewModel.swift; sourceTree = "<group>"; };
		DE724C9320F18CCA002504C6 /* EventListViewModel.swift */ = {isa = PBXFileReference; lastKnownFileType = sourcecode.swift; path = EventListViewModel.swift; sourceTree = "<group>"; };
		DE82555621028D2800582D20 /* NewCommentController.swift */ = {isa = PBXFileReference; lastKnownFileType = sourcecode.swift; path = NewCommentController.swift; sourceTree = "<group>"; };
		DE82555A2102AD7600582D20 /* InfoCardController.swift */ = {isa = PBXFileReference; lastKnownFileType = sourcecode.swift; path = InfoCardController.swift; sourceTree = "<group>"; };
		DE8255612102BFE200582D20 /* InfoCardShoppingController.swift */ = {isa = PBXFileReference; lastKnownFileType = sourcecode.swift; path = InfoCardShoppingController.swift; sourceTree = "<group>"; };
		DE8255652102C7FD00582D20 /* Products.swift */ = {isa = PBXFileReference; lastKnownFileType = sourcecode.swift; path = Products.swift; sourceTree = "<group>"; };
		DE8255682102C82A00582D20 /* InfoCardShopping.swift */ = {isa = PBXFileReference; lastKnownFileType = sourcecode.swift; path = InfoCardShopping.swift; sourceTree = "<group>"; };
		DE8C49F520F6FC42009C5F39 /* ProfileEventProductsCell.swift */ = {isa = PBXFileReference; lastKnownFileType = sourcecode.swift; path = ProfileEventProductsCell.swift; sourceTree = "<group>"; };
		DE8C49F720F70B89009C5F39 /* ProcutsEventCollection.swift */ = {isa = PBXFileReference; lastKnownFileType = sourcecode.swift; path = ProcutsEventCollection.swift; sourceTree = "<group>"; };
		DE8C49FA20F724CD009C5F39 /* PromotionsEventCell.swift */ = {isa = PBXFileReference; lastKnownFileType = sourcecode.swift; path = PromotionsEventCell.swift; sourceTree = "<group>"; };
		DE8C49FC20F724DB009C5F39 /* PromotionsEvent.swift */ = {isa = PBXFileReference; lastKnownFileType = sourcecode.swift; path = PromotionsEvent.swift; sourceTree = "<group>"; };
		DE8C49FE20F724F1009C5F39 /* ProductsEventModel.swift */ = {isa = PBXFileReference; lastKnownFileType = sourcecode.swift; path = ProductsEventModel.swift; sourceTree = "<group>"; };
		DE8C4A0120F72EB1009C5F39 /* ProfileEventCouponsCell.swift */ = {isa = PBXFileReference; lastKnownFileType = sourcecode.swift; path = ProfileEventCouponsCell.swift; sourceTree = "<group>"; };
		DEAB1CF920FF01AD00436CC1 /* ShoppingCartController.swift */ = {isa = PBXFileReference; lastKnownFileType = sourcecode.swift; path = ShoppingCartController.swift; sourceTree = "<group>"; };
		DEAB3CA820ED2A1A009D30E8 /* RegisterUserNumberPlacesController.swift */ = {isa = PBXFileReference; lastKnownFileType = sourcecode.swift; path = RegisterUserNumberPlacesController.swift; sourceTree = "<group>"; };
		DEAB3CAA20ED2A45009D30E8 /* RegisterUserPromotionsController.swift */ = {isa = PBXFileReference; lastKnownFileType = sourcecode.swift; path = RegisterUserPromotionsController.swift; sourceTree = "<group>"; };
		DEAB3CAC20ED2A53009D30E8 /* RegisterUserMenuController.swift */ = {isa = PBXFileReference; lastKnownFileType = sourcecode.swift; path = RegisterUserMenuController.swift; sourceTree = "<group>"; };
		DEAB3CAE20ED2A6C009D30E8 /* RegisterUserBuyController.swift */ = {isa = PBXFileReference; lastKnownFileType = sourcecode.swift; path = RegisterUserBuyController.swift; sourceTree = "<group>"; };
		DEAB3CB020ED2A91009D30E8 /* RegisterUserAnswersController.swift */ = {isa = PBXFileReference; lastKnownFileType = sourcecode.swift; path = RegisterUserAnswersController.swift; sourceTree = "<group>"; };
		DEAB3CB220ED2AD6009D30E8 /* RegisterUserGuaranteedTableController.swift */ = {isa = PBXFileReference; lastKnownFileType = sourcecode.swift; path = RegisterUserGuaranteedTableController.swift; sourceTree = "<group>"; };
		DEAB3CB520ED2B08009D30E8 /* RegisterUserAskDrinkController.swift */ = {isa = PBXFileReference; lastKnownFileType = sourcecode.swift; path = RegisterUserAskDrinkController.swift; sourceTree = "<group>"; };
		DEAB3CB720ED4EE4009D30E8 /* RegistrerUserEmailAndPasswordController.swift */ = {isa = PBXFileReference; lastKnownFileType = sourcecode.swift; path = RegistrerUserEmailAndPasswordController.swift; sourceTree = "<group>"; };
		DEBF06E221016DE900ABC3C2 /* NewCreditCardController.swift */ = {isa = PBXFileReference; lastKnownFileType = sourcecode.swift; path = NewCreditCardController.swift; sourceTree = "<group>"; };
		DEBF06E42101803900ABC3C2 /* MyCreditsCardsCell.swift */ = {isa = PBXFileReference; lastKnownFileType = sourcecode.swift; path = MyCreditsCardsCell.swift; sourceTree = "<group>"; };
		DEBF06E72101941800ABC3C2 /* CreditCard.swift */ = {isa = PBXFileReference; lastKnownFileType = sourcecode.swift; path = CreditCard.swift; sourceTree = "<group>"; };
		DECD373420EDEFB40074AB19 /* User.storyboard */ = {isa = PBXFileReference; lastKnownFileType = file.storyboard; path = User.storyboard; sourceTree = "<group>"; };
		DECD373620EDF2E70074AB19 /* Employees.storyboard */ = {isa = PBXFileReference; lastKnownFileType = file.storyboard; path = Employees.storyboard; sourceTree = "<group>"; };
		DECD373D20EEBB770074AB19 /* ProfileUserController.swift */ = {isa = PBXFileReference; lastKnownFileType = sourcecode.swift; path = ProfileUserController.swift; sourceTree = "<group>"; };
		DECD374020EEBBA60074AB19 /* MapController.swift */ = {isa = PBXFileReference; lastKnownFileType = sourcecode.swift; path = MapController.swift; sourceTree = "<group>"; };
		DECD374320EEBBC70074AB19 /* EventController.swift */ = {isa = PBXFileReference; lastKnownFileType = sourcecode.swift; path = EventController.swift; sourceTree = "<group>"; };
		DECD374620EEBBEA0074AB19 /* NotificationController.swift */ = {isa = PBXFileReference; lastKnownFileType = sourcecode.swift; path = NotificationController.swift; sourceTree = "<group>"; };
		DECD374820EED2750074AB19 /* InvitationCard.swift */ = {isa = PBXFileReference; lastKnownFileType = sourcecode.swift; path = InvitationCard.swift; sourceTree = "<group>"; };
		DECD374B20EED9320074AB19 /* MapControllerExt.swift */ = {isa = PBXFileReference; lastKnownFileType = sourcecode.swift; path = MapControllerExt.swift; sourceTree = "<group>"; };
		DECD374D20EEE0BE0074AB19 /* LocationManagerExt.swift */ = {isa = PBXFileReference; lastKnownFileType = sourcecode.swift; path = LocationManagerExt.swift; sourceTree = "<group>"; };
		DECFD76220FEDC1B003812DD /* MyCouponsController.swift */ = {isa = PBXFileReference; lastKnownFileType = sourcecode.swift; path = MyCouponsController.swift; sourceTree = "<group>"; };
		DECFD76520FEDEBC003812DD /* Coupons.swift */ = {isa = PBXFileReference; lastKnownFileType = sourcecode.swift; path = Coupons.swift; sourceTree = "<group>"; };
		DECFD76720FEDECD003812DD /* MyCouponsCell.swift */ = {isa = PBXFileReference; lastKnownFileType = sourcecode.swift; path = MyCouponsCell.swift; sourceTree = "<group>"; };
		DEDB8E2F20FC79FC001E90EA /* MyEventController.swift */ = {isa = PBXFileReference; fileEncoding = 4; lastKnownFileType = sourcecode.swift; path = MyEventController.swift; sourceTree = "<group>"; };
		DEDB8E3320FC7B2B001E90EA /* NewEventController.swift */ = {isa = PBXFileReference; lastKnownFileType = sourcecode.swift; path = NewEventController.swift; sourceTree = "<group>"; };
		DEE8025320EEF41900ABAFEF /* InfoEvenController.swift */ = {isa = PBXFileReference; lastKnownFileType = sourcecode.swift; path = InfoEvenController.swift; sourceTree = "<group>"; };
		DEE8025520EEFB0200ABAFEF /* DesignableGradient.swift */ = {isa = PBXFileReference; lastKnownFileType = sourcecode.swift; path = DesignableGradient.swift; sourceTree = "<group>"; };
		DEE8025720EF012F00ABAFEF /* DesignableImage.swift */ = {isa = PBXFileReference; lastKnownFileType = sourcecode.swift; path = DesignableImage.swift; sourceTree = "<group>"; };
		DEF926EF20F5242D00621ED0 /* ProfileEventModel.swift */ = {isa = PBXFileReference; lastKnownFileType = sourcecode.swift; path = ProfileEventModel.swift; sourceTree = "<group>"; };
		DEF926F220F5244500621ED0 /* ProfileEventViewModel.swift */ = {isa = PBXFileReference; lastKnownFileType = sourcecode.swift; path = ProfileEventViewModel.swift; sourceTree = "<group>"; };
		DEF926F420F5244C00621ED0 /* ProfileEventListViewModel.swift */ = {isa = PBXFileReference; lastKnownFileType = sourcecode.swift; path = ProfileEventListViewModel.swift; sourceTree = "<group>"; };
		DEF926F620F5246200621ED0 /* ProfileEvent.swift */ = {isa = PBXFileReference; lastKnownFileType = sourcecode.swift; path = ProfileEvent.swift; sourceTree = "<group>"; };
		DEF926F820F5247900621ED0 /* ProfileEventCell.swift */ = {isa = PBXFileReference; lastKnownFileType = sourcecode.swift; path = ProfileEventCell.swift; sourceTree = "<group>"; };
/* End PBXFileReference section */

/* Begin PBXFrameworksBuildPhase section */
		DE4403CB20E9FE61002606C4 /* Frameworks */ = {
			isa = PBXFrameworksBuildPhase;
			buildActionMask = 2147483647;
			files = (
				DE5EFF2320FDCBA900C9B7C8 /* MapKit.framework in Frameworks */,
				75D0C115BA755D88F5C5F042 /* Pods_EventsIOS.framework in Frameworks */,
			);
			runOnlyForDeploymentPostprocessing = 0;
		};
/* End PBXFrameworksBuildPhase section */

/* Begin PBXGroup section */
		78AF4017A18CD5F2F48BAA3E /* Frameworks */ = {
			isa = PBXGroup;
			children = (
				DE5EFF2220FDCBA900C9B7C8 /* MapKit.framework */,
				5E5571407C61E5CD71AEF74A /* Pods_EventsIOS.framework */,
			);
			name = Frameworks;
			sourceTree = "<group>";
		};
		DE0FBA1720F2DED900921DEC /* ProfileEvent */ = {
			isa = PBXGroup;
			children = (
				DEF926ED20F523EF00621ED0 /* Model */,
				DEF926EC20F523E700621ED0 /* ViewModel */,
				DEF926EB20F523BB00621ED0 /* View */,
				DE0FBA1A20F2DF3200921DEC /* Controller */,
			);
			path = ProfileEvent;
			sourceTree = "<group>";
		};
		DE0FBA1A20F2DF3200921DEC /* Controller */ = {
			isa = PBXGroup;
			children = (
				DE0FBA1820F2DF2600921DEC /* ProfileEventController.swift */,
			);
			path = Controller;
			sourceTree = "<group>";
		};
		DE1F1D2320F5EBBD00503134 /* EventInformation */ = {
			isa = PBXGroup;
			children = (
				DE1F1D3020F5EC4400503134 /* Controller */,
			);
			path = EventInformation;
			sourceTree = "<group>";
		};
		DE1F1D2420F5EBD500503134 /* EventComments */ = {
			isa = PBXGroup;
			children = (
				DE1F1D3120F5EC4E00503134 /* Controller */,
			);
			path = EventComments;
			sourceTree = "<group>";
		};
		DE1F1D2520F5EBEC00503134 /* EventCoupons */ = {
			isa = PBXGroup;
			children = (
				DE8C4A0020F72E8B009C5F39 /* View */,
				DE1F1D3220F5EC5500503134 /* Controller */,
			);
			path = EventCoupons;
			sourceTree = "<group>";
		};
		DE1F1D2620F5EBF500503134 /* EventPromotions */ = {
			isa = PBXGroup;
			children = (
				DE8C49F920F724B0009C5F39 /* View */,
				DE1F1D3320F5EC5D00503134 /* Controller */,
			);
			path = EventPromotions;
			sourceTree = "<group>";
		};
		DE1F1D2720F5EC0200503134 /* EventProducts */ = {
			isa = PBXGroup;
			children = (
				DE1F1D3520F6DC8100503134 /* View */,
				DE1F1D3420F5EC6600503134 /* Controller */,
			);
			path = EventProducts;
			sourceTree = "<group>";
		};
		DE1F1D3020F5EC4400503134 /* Controller */ = {
			isa = PBXGroup;
			children = (
				DE1F1D2120F5EBB100503134 /* ProfileEventInformationController.swift */,
			);
			path = Controller;
			sourceTree = "<group>";
		};
		DE1F1D3120F5EC4E00503134 /* Controller */ = {
			isa = PBXGroup;
			children = (
				DE1F1D2E20F5EC3A00503134 /* ProfileEventCommentsController.swift */,
			);
			path = Controller;
			sourceTree = "<group>";
		};
		DE1F1D3220F5EC5500503134 /* Controller */ = {
			isa = PBXGroup;
			children = (
				DE1F1D2C20F5EC2E00503134 /* ProfileEventCouponsController.swift */,
			);
			path = Controller;
			sourceTree = "<group>";
		};
		DE1F1D3320F5EC5D00503134 /* Controller */ = {
			isa = PBXGroup;
			children = (
				DE1F1D2A20F5EC2100503134 /* ProfileEventPromotionsController.swift */,
			);
			path = Controller;
			sourceTree = "<group>";
		};
		DE1F1D3420F5EC6600503134 /* Controller */ = {
			isa = PBXGroup;
			children = (
				DE1F1D2820F5EC1400503134 /* ProfileEventProductsController.swift */,
			);
			path = Controller;
			sourceTree = "<group>";
		};
		DE1F1D3520F6DC8100503134 /* View */ = {
			isa = PBXGroup;
			children = (
				DE1F1D3820F6DE1F00503134 /* ProductsEvent.swift */,
				DE8C49F520F6FC42009C5F39 /* ProfileEventProductsCell.swift */,
				DE8C49F720F70B89009C5F39 /* ProcutsEventCollection.swift */,
				DE8C49FE20F724F1009C5F39 /* ProductsEventModel.swift */,
			);
			path = View;
			sourceTree = "<group>";
		};
		DE209CE520F002A60042AC87 /* Controller */ = {
			isa = PBXGroup;
			children = (
				DECD374620EEBBEA0074AB19 /* NotificationController.swift */,
			);
			path = Controller;
			sourceTree = "<group>";
		};
		DE209CE620F002B70042AC87 /* Controller */ = {
			isa = PBXGroup;
			children = (
				DECD374320EEBBC70074AB19 /* EventController.swift */,
			);
			path = Controller;
			sourceTree = "<group>";
		};
		DE209CE720F002C70042AC87 /* Controller */ = {
			isa = PBXGroup;
			children = (
				DECD374020EEBBA60074AB19 /* MapController.swift */,
			);
			path = Controller;
			sourceTree = "<group>";
		};
		DE209CE820F002D90042AC87 /* Controller */ = {
			isa = PBXGroup;
			children = (
				DEE8025320EEF41900ABAFEF /* InfoEvenController.swift */,
			);
			path = Controller;
			sourceTree = "<group>";
		};
		DE209CE920F002F60042AC87 /* View */ = {
			isa = PBXGroup;
			children = (
				DECD374820EED2750074AB19 /* InvitationCard.swift */,
			);
			path = View;
			sourceTree = "<group>";
		};
		DE209CEA20F003030042AC87 /* Controller */ = {
			isa = PBXGroup;
			children = (
				DECD373D20EEBB770074AB19 /* ProfileUserController.swift */,
			);
			path = Controller;
			sourceTree = "<group>";
		};
		DE2B13C620F1617400870BE9 /* UserPromotions */ = {
			isa = PBXGroup;
			children = (
				DE2B13D320F1622300870BE9 /* Controller */,
			);
			path = UserPromotions;
			sourceTree = "<group>";
		};
		DE2B13C720F1617E00870BE9 /* UserMenu */ = {
			isa = PBXGroup;
			children = (
				DE2B13D220F1621200870BE9 /* Controller */,
			);
			path = UserMenu;
			sourceTree = "<group>";
		};
		DE2B13C820F1618700870BE9 /* UserBuy */ = {
			isa = PBXGroup;
			children = (
				DE2B13D120F161FE00870BE9 /* Controller */,
			);
			path = UserBuy;
			sourceTree = "<group>";
		};
		DE2B13C920F1619000870BE9 /* UserAnswers */ = {
			isa = PBXGroup;
			children = (
				DE2B13D020F161F300870BE9 /* Controller */,
			);
			path = UserAnswers;
			sourceTree = "<group>";
		};
		DE2B13CA20F1619C00870BE9 /* UserGuaranteed */ = {
			isa = PBXGroup;
			children = (
				DE2B13CF20F161E900870BE9 /* Controller */,
			);
			path = UserGuaranteed;
			sourceTree = "<group>";
		};
		DE2B13CB20F161A500870BE9 /* UserAsk */ = {
			isa = PBXGroup;
			children = (
				DE2B13CE20F161DD00870BE9 /* Controller */,
			);
			path = UserAsk;
			sourceTree = "<group>";
		};
		DE2B13CC20F161B400870BE9 /* UserEmailAndPassword */ = {
			isa = PBXGroup;
			children = (
				DE2B13CD20F161BB00870BE9 /* Controller */,
			);
			path = UserEmailAndPassword;
			sourceTree = "<group>";
		};
		DE2B13CD20F161BB00870BE9 /* Controller */ = {
			isa = PBXGroup;
			children = (
				DEAB3CB720ED4EE4009D30E8 /* RegistrerUserEmailAndPasswordController.swift */,
			);
			path = Controller;
			sourceTree = "<group>";
		};
		DE2B13CE20F161DD00870BE9 /* Controller */ = {
			isa = PBXGroup;
			children = (
				DEAB3CB520ED2B08009D30E8 /* RegisterUserAskDrinkController.swift */,
			);
			path = Controller;
			sourceTree = "<group>";
		};
		DE2B13CF20F161E900870BE9 /* Controller */ = {
			isa = PBXGroup;
			children = (
				DEAB3CB220ED2AD6009D30E8 /* RegisterUserGuaranteedTableController.swift */,
			);
			path = Controller;
			sourceTree = "<group>";
		};
		DE2B13D020F161F300870BE9 /* Controller */ = {
			isa = PBXGroup;
			children = (
				DEAB3CB020ED2A91009D30E8 /* RegisterUserAnswersController.swift */,
			);
			path = Controller;
			sourceTree = "<group>";
		};
		DE2B13D120F161FE00870BE9 /* Controller */ = {
			isa = PBXGroup;
			children = (
				DEAB3CAE20ED2A6C009D30E8 /* RegisterUserBuyController.swift */,
			);
			path = Controller;
			sourceTree = "<group>";
		};
		DE2B13D220F1621200870BE9 /* Controller */ = {
			isa = PBXGroup;
			children = (
				DEAB3CAC20ED2A53009D30E8 /* RegisterUserMenuController.swift */,
			);
			path = Controller;
			sourceTree = "<group>";
		};
		DE2B13D320F1622300870BE9 /* Controller */ = {
			isa = PBXGroup;
			children = (
				DEAB3CAA20ED2A45009D30E8 /* RegisterUserPromotionsController.swift */,
			);
			path = Controller;
			sourceTree = "<group>";
		};
		DE2B13D420F1622C00870BE9 /* Controller */ = {
			isa = PBXGroup;
			children = (
				DEAB3CA820ED2A1A009D30E8 /* RegisterUserNumberPlacesController.swift */,
			);
			path = Controller;
			sourceTree = "<group>";
		};
		DE2B13D520F1625E00870BE9 /* ViewModel */ = {
			isa = PBXGroup;
			children = (
				DE2B13D920F1629800870BE9 /* NotificationViewModel.swift */,
				DE2B13E020F1666400870BE9 /* NotificationListViewModel.swift */,
			);
			path = ViewModel;
			sourceTree = "<group>";
		};
		DE2B13D620F1626700870BE9 /* Model */ = {
			isa = PBXGroup;
			children = (
				DE2B13D720F1627D00870BE9 /* NotificationModel.swift */,
			);
			path = Model;
			sourceTree = "<group>";
		};
		DE2B13DB20F162FC00870BE9 /* View */ = {
			isa = PBXGroup;
			children = (
				DE2B13DC20F1630B00870BE9 /* Notification.swift */,
				DE2B13DE20F163DA00870BE9 /* NotificationCell.swift */,
			);
			path = View;
			sourceTree = "<group>";
		};
		DE4403C520E9FE61002606C4 = {
			isa = PBXGroup;
			children = (
				DE4403D020E9FE61002606C4 /* EventsIOS */,
				DE4403CF20E9FE61002606C4 /* Products */,
				E076AE8F5DB7C8CAED16B2CA /* Pods */,
				78AF4017A18CD5F2F48BAA3E /* Frameworks */,
			);
			sourceTree = "<group>";
		};
		DE4403CF20E9FE61002606C4 /* Products */ = {
			isa = PBXGroup;
			children = (
				DE4403CE20E9FE61002606C4 /* EventsIOS.app */,
			);
			name = Products;
			sourceTree = "<group>";
		};
		DE4403D020E9FE61002606C4 /* EventsIOS */ = {
			isa = PBXGroup;
			children = (
				DECD374A20EED9210074AB19 /* Extensions */,
				DECD373920EEB9EE0074AB19 /* User */,
				DEAB3CA620ED29AD009D30E8 /* Main */,
				DE78A1A920F05CB4005A536E /* Storyboard */,
				DE4403D120E9FE61002606C4 /* AppDelegate.swift */,
				DE4403D820E9FE65002606C4 /* Assets.xcassets */,
				DE4403DD20E9FE65002606C4 /* Info.plist */,
			);
			path = EventsIOS;
			sourceTree = "<group>";
		};
		DE5EFF0E20FDC64500C9B7C8 /* Privacy */ = {
			isa = PBXGroup;
			children = (
				DE5EFF0F20FDC64F00C9B7C8 /* Controller */,
			);
			path = Privacy;
			sourceTree = "<group>";
		};
		DE5EFF0F20FDC64F00C9B7C8 /* Controller */ = {
			isa = PBXGroup;
			children = (
				DE5EFF1020FDC66700C9B7C8 /* PrivacyController.swift */,
			);
			path = Controller;
			sourceTree = "<group>";
		};
		DE5EFF1220FDC68C00C9B7C8 /* ReportProblems */ = {
			isa = PBXGroup;
			children = (
				DE5EFF1320FDC69700C9B7C8 /* Controller */,
			);
			path = ReportProblems;
			sourceTree = "<group>";
		};
		DE5EFF1320FDC69700C9B7C8 /* Controller */ = {
			isa = PBXGroup;
			children = (
				DE5EFF1420FDC6AD00C9B7C8 /* ReportProblemsController.swift */,
			);
			path = Controller;
			sourceTree = "<group>";
		};
		DE5EFF1620FDC6D000C9B7C8 /* About */ = {
			isa = PBXGroup;
			children = (
				DE5EFF1720FDC6D700C9B7C8 /* Controller */,
			);
			path = About;
			sourceTree = "<group>";
		};
		DE5EFF1720FDC6D700C9B7C8 /* Controller */ = {
			isa = PBXGroup;
			children = (
				DE5EFF1820FDC6EB00C9B7C8 /* AboutController.swift */,
			);
			path = Controller;
			sourceTree = "<group>";
		};
		DE5EFF1A20FDC70A00C9B7C8 /* Help */ = {
			isa = PBXGroup;
			children = (
				DE664AF1210010EA0011E949 /* View */,
				DE5EFF1B20FDC70F00C9B7C8 /* Controller */,
			);
			path = Help;
			sourceTree = "<group>";
		};
		DE5EFF1B20FDC70F00C9B7C8 /* Controller */ = {
			isa = PBXGroup;
			children = (
				DE5EFF1C20FDC72400C9B7C8 /* HelpController.swift */,
			);
			path = Controller;
			sourceTree = "<group>";
		};
		DE5EFF1E20FDC73B00C9B7C8 /* Settings */ = {
			isa = PBXGroup;
			children = (
				DE5EFF1F20FDC74E00C9B7C8 /* Controller */,
			);
			path = Settings;
			sourceTree = "<group>";
		};
		DE5EFF1F20FDC74E00C9B7C8 /* Controller */ = {
			isa = PBXGroup;
			children = (
				DE5EFF2020FDC76600C9B7C8 /* SettingsController.swift */,
			);
			path = Controller;
			sourceTree = "<group>";
		};
		DE664AF1210010EA0011E949 /* View */ = {
			isa = PBXGroup;
			children = (
				DE664AF2210011080011E949 /* HelpCell.swift */,
				DE664AF4210011180011E949 /* Help.swift */,
			);
			path = View;
			sourceTree = "<group>";
		};
		DE664AF621004A240011E949 /* MyCreditsCards */ = {
			isa = PBXGroup;
			children = (
				DEBF06DD21016CBF00ABC3C2 /* View */,
				DE664AF721004A320011E949 /* Controller */,
			);
			path = MyCreditsCards;
			sourceTree = "<group>";
		};
		DE664AF721004A320011E949 /* Controller */ = {
			isa = PBXGroup;
			children = (
				DE664AF821004A460011E949 /* MyCreditCardController.swift */,
			);
			path = Controller;
			sourceTree = "<group>";
		};
		DE724C8820F18C32002504C6 /* View */ = {
			isa = PBXGroup;
			children = (
				DE724C8920F18C4C002504C6 /* Event.swift */,
				DE724C8B20F18C5B002504C6 /* EventCell.swift */,
			);
			path = View;
			sourceTree = "<group>";
		};
		DE724C8D20F18C92002504C6 /* Model */ = {
			isa = PBXGroup;
			children = (
				DE724C8F20F18CA8002504C6 /* EventModel.swift */,
			);
			path = Model;
			sourceTree = "<group>";
		};
		DE724C8E20F18C98002504C6 /* ViewModel */ = {
			isa = PBXGroup;
			children = (
				DE724C9120F18CBA002504C6 /* EventViewModel.swift */,
				DE724C9320F18CCA002504C6 /* EventListViewModel.swift */,
			);
			path = ViewModel;
			sourceTree = "<group>";
		};
		DE78A1A920F05CB4005A536E /* Storyboard */ = {
			isa = PBXGroup;
			children = (
				DE4403D520E9FE61002606C4 /* Main.storyboard */,
				DECD373420EDEFB40074AB19 /* User.storyboard */,
				DECD373620EDF2E70074AB19 /* Employees.storyboard */,
				DE4403DA20E9FE65002606C4 /* LaunchScreen.storyboard */,
			);
			path = Storyboard;
			sourceTree = "<group>";
		};
		DE82555421028D0800582D20 /* NewComment */ = {
			isa = PBXGroup;
			children = (
				DE82555521028D1400582D20 /* Controller */,
			);
			path = NewComment;
			sourceTree = "<group>";
		};
		DE82555521028D1400582D20 /* Controller */ = {
			isa = PBXGroup;
			children = (
				DE82555621028D2800582D20 /* NewCommentController.swift */,
			);
			path = Controller;
			sourceTree = "<group>";
		};
		DE8255582102AD5600582D20 /* InfoCard */ = {
			isa = PBXGroup;
			children = (
				DE8255592102AD6000582D20 /* Controller */,
			);
			path = InfoCard;
			sourceTree = "<group>";
		};
		DE8255592102AD6000582D20 /* Controller */ = {
			isa = PBXGroup;
			children = (
				DE82555A2102AD7600582D20 /* InfoCardController.swift */,
			);
			path = Controller;
			sourceTree = "<group>";
		};
		DE82555F2102BF9C00582D20 /* InfoCardShopping */ = {
			isa = PBXGroup;
			children = (
				DE8255672102C81200582D20 /* View */,
				DE8255602102BFD300582D20 /* Controller */,
			);
			path = InfoCardShopping;
			sourceTree = "<group>";
		};
		DE8255602102BFD300582D20 /* Controller */ = {
			isa = PBXGroup;
			children = (
				DE8255612102BFE200582D20 /* InfoCardShoppingController.swift */,
			);
			path = Controller;
			sourceTree = "<group>";
		};
		DE8255632102C7E000582D20 /* Products */ = {
			isa = PBXGroup;
			children = (
				DE8255642102C7F000582D20 /* View */,
			);
			path = Products;
			sourceTree = "<group>";
		};
		DE8255642102C7F000582D20 /* View */ = {
			isa = PBXGroup;
			children = (
				DE8255652102C7FD00582D20 /* Products.swift */,
			);
			path = View;
			sourceTree = "<group>";
		};
		DE8255672102C81200582D20 /* View */ = {
			isa = PBXGroup;
			children = (
				DE8255682102C82A00582D20 /* InfoCardShopping.swift */,
			);
			path = View;
			sourceTree = "<group>";
		};
		DE8C49F920F724B0009C5F39 /* View */ = {
			isa = PBXGroup;
			children = (
				DE8C49FA20F724CD009C5F39 /* PromotionsEventCell.swift */,
				DE8C49FC20F724DB009C5F39 /* PromotionsEvent.swift */,
			);
			path = View;
			sourceTree = "<group>";
		};
		DE8C4A0020F72E8B009C5F39 /* View */ = {
			isa = PBXGroup;
			children = (
				DE8C4A0120F72EB1009C5F39 /* ProfileEventCouponsCell.swift */,
			);
			path = View;
			sourceTree = "<group>";
		};
		DEAB1CF720FF018500436CC1 /* ShoppingCart */ = {
			isa = PBXGroup;
			children = (
				DEAB1CF820FF019400436CC1 /* Controller */,
			);
			path = ShoppingCart;
			sourceTree = "<group>";
		};
		DEAB1CF820FF019400436CC1 /* Controller */ = {
			isa = PBXGroup;
			children = (
				DEAB1CF920FF01AD00436CC1 /* ShoppingCartController.swift */,
			);
			path = Controller;
			sourceTree = "<group>";
		};
		DEAB3CA620ED29AD009D30E8 /* Main */ = {
			isa = PBXGroup;
			children = (
				DEAB3CA720ED29C1009D30E8 /* Login */,
				DECD373820EEB9CD0074AB19 /* Register */,
			);
			path = Main;
			sourceTree = "<group>";
		};
		DEAB3CA720ED29C1009D30E8 /* Login */ = {
			isa = PBXGroup;
			children = (
				DECD373A20EEBA070074AB19 /* Controller */,
			);
			path = Login;
			sourceTree = "<group>";
		};
		DEBF06DD21016CBF00ABC3C2 /* View */ = {
			isa = PBXGroup;
			children = (
				DEBF06E42101803900ABC3C2 /* MyCreditsCardsCell.swift */,
				DEBF06E72101941800ABC3C2 /* CreditCard.swift */,
			);
			path = View;
			sourceTree = "<group>";
		};
		DEBF06E021016DC200ABC3C2 /* NewCreditCard */ = {
			isa = PBXGroup;
			children = (
				DEBF06E62101940300ABC3C2 /* View */,
				DEBF06E121016DD400ABC3C2 /* Controller */,
			);
			path = NewCreditCard;
			sourceTree = "<group>";
		};
		DEBF06E121016DD400ABC3C2 /* Controller */ = {
			isa = PBXGroup;
			children = (
				DEBF06E221016DE900ABC3C2 /* NewCreditCardController.swift */,
			);
			path = Controller;
			sourceTree = "<group>";
		};
		DEBF06E62101940300ABC3C2 /* View */ = {
			isa = PBXGroup;
			children = (
			);
			path = View;
			sourceTree = "<group>";
		};
		DECD373820EEB9CD0074AB19 /* Register */ = {
			isa = PBXGroup;
			children = (
				DE2B13CC20F161B400870BE9 /* UserEmailAndPassword */,
				DE2B13CB20F161A500870BE9 /* UserAsk */,
				DE2B13CA20F1619C00870BE9 /* UserGuaranteed */,
				DE2B13C920F1619000870BE9 /* UserAnswers */,
				DE2B13C820F1618700870BE9 /* UserBuy */,
				DE2B13C720F1617E00870BE9 /* UserMenu */,
				DE2B13C620F1617400870BE9 /* UserPromotions */,
				DECD373B20EEBA140074AB19 /* NumberPlaces */,
			);
			path = Register;
			sourceTree = "<group>";
		};
		DECD373920EEB9EE0074AB19 /* User */ = {
			isa = PBXGroup;
			children = (
				DE8255632102C7E000582D20 /* Products */,
				DE82555F2102BF9C00582D20 /* InfoCardShopping */,
				DE8255582102AD5600582D20 /* InfoCard */,
				DE82555421028D0800582D20 /* NewComment */,
				DEBF06E021016DC200ABC3C2 /* NewCreditCard */,
				DE664AF621004A240011E949 /* MyCreditsCards */,
				DEAB1CF720FF018500436CC1 /* ShoppingCart */,
				DECFD75F20FEDBF9003812DD /* MyCoupons */,
				DE5EFF1E20FDC73B00C9B7C8 /* Settings */,
				DE5EFF1A20FDC70A00C9B7C8 /* Help */,
				DE5EFF1620FDC6D000C9B7C8 /* About */,
				DE5EFF1220FDC68C00C9B7C8 /* ReportProblems */,
				DE5EFF0E20FDC64500C9B7C8 /* Privacy */,
				DEDB8E3120FC7B02001E90EA /* NewEvent */,
				DEDB8E2B20FC78CD001E90EA /* MyEvent */,
				DE1F1D2720F5EC0200503134 /* EventProducts */,
				DE1F1D2620F5EBF500503134 /* EventPromotions */,
				DE1F1D2520F5EBEC00503134 /* EventCoupons */,
				DE1F1D2420F5EBD500503134 /* EventComments */,
				DE1F1D2320F5EBBD00503134 /* EventInformation */,
				DE0FBA1720F2DED900921DEC /* ProfileEvent */,
				DEE8025220EEF3F300ABAFEF /* InfoEvent */,
				DECD374520EEBBDB0074AB19 /* Notification */,
				DECD374220EEBBB70074AB19 /* Event */,
				DECD373F20EEBB8D0074AB19 /* Map */,
				DECD373C20EEBB130074AB19 /* ProfileUser */,
			);
			path = User;
			sourceTree = "<group>";
		};
		DECD373A20EEBA070074AB19 /* Controller */ = {
			isa = PBXGroup;
			children = (
				DE4403D320E9FE61002606C4 /* LoginController.swift */,
			);
			path = Controller;
			sourceTree = "<group>";
		};
		DECD373B20EEBA140074AB19 /* NumberPlaces */ = {
			isa = PBXGroup;
			children = (
				DE2B13D420F1622C00870BE9 /* Controller */,
			);
			path = NumberPlaces;
			sourceTree = "<group>";
		};
		DECD373C20EEBB130074AB19 /* ProfileUser */ = {
			isa = PBXGroup;
			children = (
				DE209CEA20F003030042AC87 /* Controller */,
			);
			path = ProfileUser;
			sourceTree = "<group>";
		};
		DECD373F20EEBB8D0074AB19 /* Map */ = {
			isa = PBXGroup;
			children = (
				DE209CE920F002F60042AC87 /* View */,
				DE209CE720F002C70042AC87 /* Controller */,
			);
			path = Map;
			sourceTree = "<group>";
		};
		DECD374220EEBBB70074AB19 /* Event */ = {
			isa = PBXGroup;
			children = (
				DE724C8E20F18C98002504C6 /* ViewModel */,
				DE724C8D20F18C92002504C6 /* Model */,
				DE724C8820F18C32002504C6 /* View */,
				DE209CE620F002B70042AC87 /* Controller */,
			);
			path = Event;
			sourceTree = "<group>";
		};
		DECD374520EEBBDB0074AB19 /* Notification */ = {
			isa = PBXGroup;
			children = (
				DE2B13DB20F162FC00870BE9 /* View */,
				DE2B13D620F1626700870BE9 /* Model */,
				DE2B13D520F1625E00870BE9 /* ViewModel */,
				DE209CE520F002A60042AC87 /* Controller */,
			);
			path = Notification;
			sourceTree = "<group>";
		};
		DECD374A20EED9210074AB19 /* Extensions */ = {
			isa = PBXGroup;
			children = (
				DECD374B20EED9320074AB19 /* MapControllerExt.swift */,
				DECD374D20EEE0BE0074AB19 /* LocationManagerExt.swift */,
				DEE8025520EEFB0200ABAFEF /* DesignableGradient.swift */,
				DEE8025720EF012F00ABAFEF /* DesignableImage.swift */,
				DE209CEB20F009210042AC87 /* DesignableButton.swift */,
				DE209CED20F009F60042AC87 /* DesignableTextField.swift */,
			);
			path = Extensions;
			sourceTree = "<group>";
		};
		DECFD75F20FEDBF9003812DD /* MyCoupons */ = {
			isa = PBXGroup;
			children = (
				DECFD76420FEDEA7003812DD /* View */,
				DECFD76020FEDC04003812DD /* Controller */,
			);
			path = MyCoupons;
			sourceTree = "<group>";
		};
		DECFD76020FEDC04003812DD /* Controller */ = {
			isa = PBXGroup;
			children = (
				DECFD76220FEDC1B003812DD /* MyCouponsController.swift */,
			);
			path = Controller;
			sourceTree = "<group>";
		};
		DECFD76420FEDEA7003812DD /* View */ = {
			isa = PBXGroup;
			children = (
				DECFD76520FEDEBC003812DD /* Coupons.swift */,
				DECFD76720FEDECD003812DD /* MyCouponsCell.swift */,
			);
			path = View;
			sourceTree = "<group>";
		};
		DEDB8E2B20FC78CD001E90EA /* MyEvent */ = {
			isa = PBXGroup;
			children = (
				DEDB8E2C20FC78DC001E90EA /* Controller */,
			);
			name = MyEvent;
			path = "New Group";
			sourceTree = "<group>";
		};
		DEDB8E2C20FC78DC001E90EA /* Controller */ = {
			isa = PBXGroup;
			children = (
				DEDB8E2F20FC79FC001E90EA /* MyEventController.swift */,
			);
			path = Controller;
			sourceTree = "<group>";
		};
		DEDB8E3120FC7B02001E90EA /* NewEvent */ = {
			isa = PBXGroup;
			children = (
				DEDB8E3220FC7B0F001E90EA /* Controller */,
			);
			path = NewEvent;
			sourceTree = "<group>";
		};
		DEDB8E3220FC7B0F001E90EA /* Controller */ = {
			isa = PBXGroup;
			children = (
				DEDB8E3320FC7B2B001E90EA /* NewEventController.swift */,
			);
			path = Controller;
			sourceTree = "<group>";
		};
		DEE8025220EEF3F300ABAFEF /* InfoEvent */ = {
			isa = PBXGroup;
			children = (
				DE209CE820F002D90042AC87 /* Controller */,
			);
			path = InfoEvent;
			sourceTree = "<group>";
		};
		DEF926EB20F523BB00621ED0 /* View */ = {
			isa = PBXGroup;
			children = (
				DEF926F620F5246200621ED0 /* ProfileEvent.swift */,
				DEF926F820F5247900621ED0 /* ProfileEventCell.swift */,
			);
			path = View;
			sourceTree = "<group>";
		};
		DEF926EC20F523E700621ED0 /* ViewModel */ = {
			isa = PBXGroup;
			children = (
				DEF926F220F5244500621ED0 /* ProfileEventViewModel.swift */,
				DEF926F420F5244C00621ED0 /* ProfileEventListViewModel.swift */,
			);
			path = ViewModel;
			sourceTree = "<group>";
		};
		DEF926ED20F523EF00621ED0 /* Model */ = {
			isa = PBXGroup;
			children = (
				DEF926EF20F5242D00621ED0 /* ProfileEventModel.swift */,
			);
			path = Model;
			sourceTree = "<group>";
		};
		E076AE8F5DB7C8CAED16B2CA /* Pods */ = {
			isa = PBXGroup;
			children = (
				799E4A944D0D180A48E5833E /* Pods-EventsIOS.debug.xcconfig */,
				761F37E3749DD414C245D3D8 /* Pods-EventsIOS.release.xcconfig */,
			);
			name = Pods;
			sourceTree = "<group>";
		};
/* End PBXGroup section */

/* Begin PBXNativeTarget section */
		DE4403CD20E9FE61002606C4 /* EventsIOS */ = {
			isa = PBXNativeTarget;
			buildConfigurationList = DE4403E020E9FE65002606C4 /* Build configuration list for PBXNativeTarget "EventsIOS" */;
			buildPhases = (
				0F064FE903F21EF503089EF3 /* [CP] Check Pods Manifest.lock */,
				DE4403CA20E9FE61002606C4 /* Sources */,
				DE4403CB20E9FE61002606C4 /* Frameworks */,
				DE4403CC20E9FE61002606C4 /* Resources */,
				59160935CBB2C722EBB11A69 /* [CP] Embed Pods Frameworks */,
				DEFC9DE920EA01400000149A /* ShellScript */,
			);
			buildRules = (
			);
			dependencies = (
			);
			name = EventsIOS;
			productName = EventsIOS;
			productReference = DE4403CE20E9FE61002606C4 /* EventsIOS.app */;
			productType = "com.apple.product-type.application";
		};
/* End PBXNativeTarget section */

/* Begin PBXProject section */
		DE4403C620E9FE61002606C4 /* Project object */ = {
			isa = PBXProject;
			attributes = {
				LastSwiftUpdateCheck = 0940;
				LastUpgradeCheck = 0940;
				ORGANIZATIONNAME = "Luis Castillo";
				TargetAttributes = {
					DE4403CD20E9FE61002606C4 = {
						CreatedOnToolsVersion = 9.4.1;
						SystemCapabilities = {
							com.apple.Maps.iOS = {
								enabled = 1;
							};
						};
					};
				};
			};
			buildConfigurationList = DE4403C920E9FE61002606C4 /* Build configuration list for PBXProject "EventsIOS" */;
			compatibilityVersion = "Xcode 9.3";
			developmentRegion = en;
			hasScannedForEncodings = 0;
			knownRegions = (
				en,
				Base,
			);
			mainGroup = DE4403C520E9FE61002606C4;
			productRefGroup = DE4403CF20E9FE61002606C4 /* Products */;
			projectDirPath = "";
			projectRoot = "";
			targets = (
				DE4403CD20E9FE61002606C4 /* EventsIOS */,
			);
		};
/* End PBXProject section */

/* Begin PBXResourcesBuildPhase section */
		DE4403CC20E9FE61002606C4 /* Resources */ = {
			isa = PBXResourcesBuildPhase;
			buildActionMask = 2147483647;
			files = (
				DE4403DC20E9FE65002606C4 /* LaunchScreen.storyboard in Resources */,
				DECD373520EDEFB40074AB19 /* User.storyboard in Resources */,
				DE4403D920E9FE65002606C4 /* Assets.xcassets in Resources */,
				DE4403D720E9FE61002606C4 /* Main.storyboard in Resources */,
				DECD373720EDF2E70074AB19 /* Employees.storyboard in Resources */,
			);
			runOnlyForDeploymentPostprocessing = 0;
		};
/* End PBXResourcesBuildPhase section */

/* Begin PBXShellScriptBuildPhase section */
		0F064FE903F21EF503089EF3 /* [CP] Check Pods Manifest.lock */ = {
			isa = PBXShellScriptBuildPhase;
			buildActionMask = 2147483647;
			files = (
			);
			inputPaths = (
				"${PODS_PODFILE_DIR_PATH}/Podfile.lock",
				"${PODS_ROOT}/Manifest.lock",
			);
			name = "[CP] Check Pods Manifest.lock";
			outputPaths = (
				"$(DERIVED_FILE_DIR)/Pods-EventsIOS-checkManifestLockResult.txt",
			);
			runOnlyForDeploymentPostprocessing = 0;
			shellPath = /bin/sh;
			shellScript = "diff \"${PODS_PODFILE_DIR_PATH}/Podfile.lock\" \"${PODS_ROOT}/Manifest.lock\" > /dev/null\nif [ $? != 0 ] ; then\n    # print error to STDERR\n    echo \"error: The sandbox is not in sync with the Podfile.lock. Run 'pod install' or update your CocoaPods installation.\" >&2\n    exit 1\nfi\n# This output is used by Xcode 'outputs' to avoid re-running this script phase.\necho \"SUCCESS\" > \"${SCRIPT_OUTPUT_FILE_0}\"\n";
			showEnvVarsInLog = 0;
		};
		59160935CBB2C722EBB11A69 /* [CP] Embed Pods Frameworks */ = {
			isa = PBXShellScriptBuildPhase;
			buildActionMask = 2147483647;
			files = (
			);
			inputPaths = (
				"${SRCROOT}/Pods/Target Support Files/Pods-EventsIOS/Pods-EventsIOS-frameworks.sh",
				"${BUILT_PRODUCTS_DIR}/Alamofire/Alamofire.framework",
				"${BUILT_PRODUCTS_DIR}/RevealingSplashView/RevealingSplashView.framework",
				"${BUILT_PRODUCTS_DIR}/SDWebImage/SDWebImage.framework",
				"${BUILT_PRODUCTS_DIR}/SwiftyJSON/SwiftyJSON.framework",
				"${BUILT_PRODUCTS_DIR}/lottie-ios/Lottie.framework",
			);
			name = "[CP] Embed Pods Frameworks";
			outputPaths = (
				"${TARGET_BUILD_DIR}/${FRAMEWORKS_FOLDER_PATH}/Alamofire.framework",
				"${TARGET_BUILD_DIR}/${FRAMEWORKS_FOLDER_PATH}/RevealingSplashView.framework",
				"${TARGET_BUILD_DIR}/${FRAMEWORKS_FOLDER_PATH}/SDWebImage.framework",
				"${TARGET_BUILD_DIR}/${FRAMEWORKS_FOLDER_PATH}/SwiftyJSON.framework",
				"${TARGET_BUILD_DIR}/${FRAMEWORKS_FOLDER_PATH}/Lottie.framework",
			);
			runOnlyForDeploymentPostprocessing = 0;
			shellPath = /bin/sh;
			shellScript = "\"${SRCROOT}/Pods/Target Support Files/Pods-EventsIOS/Pods-EventsIOS-frameworks.sh\"\n";
			showEnvVarsInLog = 0;
		};
		DEFC9DE920EA01400000149A /* ShellScript */ = {
			isa = PBXShellScriptBuildPhase;
			buildActionMask = 2147483647;
			files = (
			);
			inputPaths = (
			);
			outputPaths = (
			);
			runOnlyForDeploymentPostprocessing = 0;
			shellPath = /bin/sh;
			shellScript = "\"${PODS_ROOT}/Fabric/run\" 3f4041f8d213c2111e4fbaf426aad1a46f4953a5 1a1ef0818b6768980c9200d9c6262a365833e9aa604faa25fb676502c8f1daad";
		};
/* End PBXShellScriptBuildPhase section */

/* Begin PBXSourcesBuildPhase section */
		DE4403CA20E9FE61002606C4 /* Sources */ = {
			isa = PBXSourcesBuildPhase;
			buildActionMask = 2147483647;
			files = (
				DEE8025620EEFB0200ABAFEF /* DesignableGradient.swift in Sources */,
				DEE8025820EF012F00ABAFEF /* DesignableImage.swift in Sources */,
				DE1F1D2B20F5EC2100503134 /* ProfileEventPromotionsController.swift in Sources */,
				DE724C9220F18CBA002504C6 /* EventViewModel.swift in Sources */,
				DE209CEC20F009210042AC87 /* DesignableButton.swift in Sources */,
				DEAB3CB820ED4EE4009D30E8 /* RegistrerUserEmailAndPasswordController.swift in Sources */,
				DE2B13DF20F163DA00870BE9 /* NotificationCell.swift in Sources */,
				DE8255692102C82A00582D20 /* InfoCardShopping.swift in Sources */,
				DEBF06E82101941800ABC3C2 /* CreditCard.swift in Sources */,
				DE8255622102BFE300582D20 /* InfoCardShoppingController.swift in Sources */,
				DE8C49F820F70B89009C5F39 /* ProcutsEventCollection.swift in Sources */,
				DEF926F320F5244500621ED0 /* ProfileEventViewModel.swift in Sources */,
				DEE8025420EEF41900ABAFEF /* InfoEvenController.swift in Sources */,
				DECD373E20EEBB770074AB19 /* ProfileUserController.swift in Sources */,
				DEAB3CAF20ED2A6C009D30E8 /* RegisterUserBuyController.swift in Sources */,
				DEF926F920F5247900621ED0 /* ProfileEventCell.swift in Sources */,
				DECD374E20EEE0BE0074AB19 /* LocationManagerExt.swift in Sources */,
				DE5EFF2120FDC76600C9B7C8 /* SettingsController.swift in Sources */,
				DECFD76620FEDEBC003812DD /* Coupons.swift in Sources */,
				DEAB3CAD20ED2A53009D30E8 /* RegisterUserMenuController.swift in Sources */,
				DECD374420EEBBC70074AB19 /* EventController.swift in Sources */,
				DEF926F020F5242D00621ED0 /* ProfileEventModel.swift in Sources */,
				DECD374C20EED9320074AB19 /* MapControllerExt.swift in Sources */,
				DE724C8A20F18C4C002504C6 /* Event.swift in Sources */,
				DECD374120EEBBA60074AB19 /* MapController.swift in Sources */,
				DE4403D420E9FE61002606C4 /* LoginController.swift in Sources */,
				DEAB3CA920ED2A1A009D30E8 /* RegisterUserNumberPlacesController.swift in Sources */,
				DE82555B2102AD7600582D20 /* InfoCardController.swift in Sources */,
				DE8C49FB20F724CD009C5F39 /* PromotionsEventCell.swift in Sources */,
				DEF926F720F5246200621ED0 /* ProfileEvent.swift in Sources */,
				DE5EFF1D20FDC72400C9B7C8 /* HelpController.swift in Sources */,
				DE1F1D2220F5EBB100503134 /* ProfileEventInformationController.swift in Sources */,
				DEAB3CB120ED2A91009D30E8 /* RegisterUserAnswersController.swift in Sources */,
				DE0FBA1920F2DF2600921DEC /* ProfileEventController.swift in Sources */,
				DE2B13D820F1627D00870BE9 /* NotificationModel.swift in Sources */,
				DE1F1D2D20F5EC2E00503134 /* ProfileEventCouponsController.swift in Sources */,
				DEDB8E3020FC79FC001E90EA /* MyEventController.swift in Sources */,
				DEDB8E3420FC7B2B001E90EA /* NewEventController.swift in Sources */,
				DE2B13DD20F1630B00870BE9 /* Notification.swift in Sources */,
				DE1F1D2920F5EC1400503134 /* ProfileEventProductsController.swift in Sources */,
				DE664AF3210011080011E949 /* HelpCell.swift in Sources */,
				DEAB1CFA20FF01AD00436CC1 /* ShoppingCartController.swift in Sources */,
				DE209CEE20F009F60042AC87 /* DesignableTextField.swift in Sources */,
				DE8C49F620F6FC42009C5F39 /* ProfileEventProductsCell.swift in Sources */,
				DECFD76320FEDC1B003812DD /* MyCouponsController.swift in Sources */,
				DE2B13DA20F1629800870BE9 /* NotificationViewModel.swift in Sources */,
				DE8C49FD20F724DB009C5F39 /* PromotionsEvent.swift in Sources */,
				DEF926F520F5244C00621ED0 /* ProfileEventListViewModel.swift in Sources */,
				DECD374920EED2750074AB19 /* InvitationCard.swift in Sources */,
				DE8C49FF20F724F1009C5F39 /* ProductsEventModel.swift in Sources */,
				DE4403D220E9FE61002606C4 /* AppDelegate.swift in Sources */,
				DE724C8C20F18C5C002504C6 /* EventCell.swift in Sources */,
				DE8255662102C7FD00582D20 /* Products.swift in Sources */,
				DECD374720EEBBEA0074AB19 /* NotificationController.swift in Sources */,
				DE5EFF1120FDC66700C9B7C8 /* PrivacyController.swift in Sources */,
				DE1F1D2F20F5EC3A00503134 /* ProfileEventCommentsController.swift in Sources */,
				DE2B13E120F1666400870BE9 /* NotificationListViewModel.swift in Sources */,
				DEBF06E52101803900ABC3C2 /* MyCreditsCardsCell.swift in Sources */,
				DE5EFF1920FDC6EB00C9B7C8 /* AboutController.swift in Sources */,
				DE1F1D3920F6DE1F00503134 /* ProductsEvent.swift in Sources */,
				DE664AF921004A460011E949 /* MyCreditCardController.swift in Sources */,
				DE8C4A0220F72EB1009C5F39 /* ProfileEventCouponsCell.swift in Sources */,
				DE82555721028D2800582D20 /* NewCommentController.swift in Sources */,
				DEAB3CB320ED2AD6009D30E8 /* RegisterUserGuaranteedTableController.swift in Sources */,
				DE664AF5210011180011E949 /* Help.swift in Sources */,
				DEAB3CB620ED2B08009D30E8 /* RegisterUserAskDrinkController.swift in Sources */,
				DE724C9420F18CCA002504C6 /* EventListViewModel.swift in Sources */,
				DECFD76820FEDECD003812DD /* MyCouponsCell.swift in Sources */,
				DE724C9020F18CA8002504C6 /* EventModel.swift in Sources */,
				DEBF06E321016DE900ABC3C2 /* NewCreditCardController.swift in Sources */,
				DE5EFF1520FDC6AD00C9B7C8 /* ReportProblemsController.swift in Sources */,
				DEAB3CAB20ED2A45009D30E8 /* RegisterUserPromotionsController.swift in Sources */,
			);
			runOnlyForDeploymentPostprocessing = 0;
		};
/* End PBXSourcesBuildPhase section */

/* Begin PBXVariantGroup section */
		DE4403D520E9FE61002606C4 /* Main.storyboard */ = {
			isa = PBXVariantGroup;
			children = (
				DE4403D620E9FE61002606C4 /* Base */,
			);
			name = Main.storyboard;
			sourceTree = "<group>";
		};
		DE4403DA20E9FE65002606C4 /* LaunchScreen.storyboard */ = {
			isa = PBXVariantGroup;
			children = (
				DE4403DB20E9FE65002606C4 /* Base */,
			);
			name = LaunchScreen.storyboard;
			sourceTree = "<group>";
		};
/* End PBXVariantGroup section */

/* Begin XCBuildConfiguration section */
		DE4403DE20E9FE65002606C4 /* Debug */ = {
			isa = XCBuildConfiguration;
			buildSettings = {
				ALWAYS_SEARCH_USER_PATHS = NO;
				CLANG_ANALYZER_NONNULL = YES;
				CLANG_ANALYZER_NUMBER_OBJECT_CONVERSION = YES_AGGRESSIVE;
				CLANG_CXX_LANGUAGE_STANDARD = "gnu++14";
				CLANG_CXX_LIBRARY = "libc++";
				CLANG_ENABLE_MODULES = YES;
				CLANG_ENABLE_OBJC_ARC = YES;
				CLANG_ENABLE_OBJC_WEAK = YES;
				CLANG_WARN_BLOCK_CAPTURE_AUTORELEASING = YES;
				CLANG_WARN_BOOL_CONVERSION = YES;
				CLANG_WARN_COMMA = YES;
				CLANG_WARN_CONSTANT_CONVERSION = YES;
				CLANG_WARN_DEPRECATED_OBJC_IMPLEMENTATIONS = YES;
				CLANG_WARN_DIRECT_OBJC_ISA_USAGE = YES_ERROR;
				CLANG_WARN_DOCUMENTATION_COMMENTS = YES;
				CLANG_WARN_EMPTY_BODY = YES;
				CLANG_WARN_ENUM_CONVERSION = YES;
				CLANG_WARN_INFINITE_RECURSION = YES;
				CLANG_WARN_INT_CONVERSION = YES;
				CLANG_WARN_NON_LITERAL_NULL_CONVERSION = YES;
				CLANG_WARN_OBJC_IMPLICIT_RETAIN_SELF = YES;
				CLANG_WARN_OBJC_LITERAL_CONVERSION = YES;
				CLANG_WARN_OBJC_ROOT_CLASS = YES_ERROR;
				CLANG_WARN_RANGE_LOOP_ANALYSIS = YES;
				CLANG_WARN_STRICT_PROTOTYPES = YES;
				CLANG_WARN_SUSPICIOUS_MOVE = YES;
				CLANG_WARN_UNGUARDED_AVAILABILITY = YES_AGGRESSIVE;
				CLANG_WARN_UNREACHABLE_CODE = YES;
				CLANG_WARN__DUPLICATE_METHOD_MATCH = YES;
				CODE_SIGN_IDENTITY = "iPhone Developer";
				COPY_PHASE_STRIP = NO;
				DEBUG_INFORMATION_FORMAT = dwarf;
				ENABLE_STRICT_OBJC_MSGSEND = YES;
				ENABLE_TESTABILITY = YES;
				GCC_C_LANGUAGE_STANDARD = gnu11;
				GCC_DYNAMIC_NO_PIC = NO;
				GCC_NO_COMMON_BLOCKS = YES;
				GCC_OPTIMIZATION_LEVEL = 0;
				GCC_PREPROCESSOR_DEFINITIONS = (
					"DEBUG=1",
					"$(inherited)",
				);
				GCC_WARN_64_TO_32_BIT_CONVERSION = YES;
				GCC_WARN_ABOUT_RETURN_TYPE = YES_ERROR;
				GCC_WARN_UNDECLARED_SELECTOR = YES;
				GCC_WARN_UNINITIALIZED_AUTOS = YES_AGGRESSIVE;
				GCC_WARN_UNUSED_FUNCTION = YES;
				GCC_WARN_UNUSED_VARIABLE = YES;
				IPHONEOS_DEPLOYMENT_TARGET = 11.4;
				MTL_ENABLE_DEBUG_INFO = YES;
				ONLY_ACTIVE_ARCH = YES;
				SDKROOT = iphoneos;
				SWIFT_ACTIVE_COMPILATION_CONDITIONS = DEBUG;
				SWIFT_OPTIMIZATION_LEVEL = "-Onone";
			};
			name = Debug;
		};
		DE4403DF20E9FE65002606C4 /* Release */ = {
			isa = XCBuildConfiguration;
			buildSettings = {
				ALWAYS_SEARCH_USER_PATHS = NO;
				CLANG_ANALYZER_NONNULL = YES;
				CLANG_ANALYZER_NUMBER_OBJECT_CONVERSION = YES_AGGRESSIVE;
				CLANG_CXX_LANGUAGE_STANDARD = "gnu++14";
				CLANG_CXX_LIBRARY = "libc++";
				CLANG_ENABLE_MODULES = YES;
				CLANG_ENABLE_OBJC_ARC = YES;
				CLANG_ENABLE_OBJC_WEAK = YES;
				CLANG_WARN_BLOCK_CAPTURE_AUTORELEASING = YES;
				CLANG_WARN_BOOL_CONVERSION = YES;
				CLANG_WARN_COMMA = YES;
				CLANG_WARN_CONSTANT_CONVERSION = YES;
				CLANG_WARN_DEPRECATED_OBJC_IMPLEMENTATIONS = YES;
				CLANG_WARN_DIRECT_OBJC_ISA_USAGE = YES_ERROR;
				CLANG_WARN_DOCUMENTATION_COMMENTS = YES;
				CLANG_WARN_EMPTY_BODY = YES;
				CLANG_WARN_ENUM_CONVERSION = YES;
				CLANG_WARN_INFINITE_RECURSION = YES;
				CLANG_WARN_INT_CONVERSION = YES;
				CLANG_WARN_NON_LITERAL_NULL_CONVERSION = YES;
				CLANG_WARN_OBJC_IMPLICIT_RETAIN_SELF = YES;
				CLANG_WARN_OBJC_LITERAL_CONVERSION = YES;
				CLANG_WARN_OBJC_ROOT_CLASS = YES_ERROR;
				CLANG_WARN_RANGE_LOOP_ANALYSIS = YES;
				CLANG_WARN_STRICT_PROTOTYPES = YES;
				CLANG_WARN_SUSPICIOUS_MOVE = YES;
				CLANG_WARN_UNGUARDED_AVAILABILITY = YES_AGGRESSIVE;
				CLANG_WARN_UNREACHABLE_CODE = YES;
				CLANG_WARN__DUPLICATE_METHOD_MATCH = YES;
				CODE_SIGN_IDENTITY = "iPhone Developer";
				COPY_PHASE_STRIP = NO;
				DEBUG_INFORMATION_FORMAT = "dwarf-with-dsym";
				ENABLE_NS_ASSERTIONS = NO;
				ENABLE_STRICT_OBJC_MSGSEND = YES;
				GCC_C_LANGUAGE_STANDARD = gnu11;
				GCC_NO_COMMON_BLOCKS = YES;
				GCC_WARN_64_TO_32_BIT_CONVERSION = YES;
				GCC_WARN_ABOUT_RETURN_TYPE = YES_ERROR;
				GCC_WARN_UNDECLARED_SELECTOR = YES;
				GCC_WARN_UNINITIALIZED_AUTOS = YES_AGGRESSIVE;
				GCC_WARN_UNUSED_FUNCTION = YES;
				GCC_WARN_UNUSED_VARIABLE = YES;
				IPHONEOS_DEPLOYMENT_TARGET = 11.4;
				MTL_ENABLE_DEBUG_INFO = NO;
				SDKROOT = iphoneos;
				SWIFT_COMPILATION_MODE = wholemodule;
				SWIFT_OPTIMIZATION_LEVEL = "-O";
				VALIDATE_PRODUCT = YES;
			};
			name = Release;
		};
		DE4403E120E9FE65002606C4 /* Debug */ = {
			isa = XCBuildConfiguration;
			baseConfigurationReference = 799E4A944D0D180A48E5833E /* Pods-EventsIOS.debug.xcconfig */;
			buildSettings = {
				ASSETCATALOG_COMPILER_APPICON_NAME = AppIcon;
				CODE_SIGN_STYLE = Automatic;
				DEBUG_INFORMATION_FORMAT = "dwarf-with-dsym";
				DEVELOPMENT_TEAM = Y99AD5GLT5;
				INFOPLIST_FILE = EventsIOS/Info.plist;
				IPHONEOS_DEPLOYMENT_TARGET = 11.4;
				LD_RUNPATH_SEARCH_PATHS = (
					"$(inherited)",
					"@executable_path/Frameworks",
				);
				PRODUCT_BUNDLE_IDENTIFIER = mx.com.iwebsapp.EventIOS;
				PRODUCT_NAME = "$(TARGET_NAME)";
				SWIFT_VERSION = 4.0;
				TARGETED_DEVICE_FAMILY = "1,2";
			};
			name = Debug;
		};
		DE4403E220E9FE65002606C4 /* Release */ = {
			isa = XCBuildConfiguration;
			baseConfigurationReference = 761F37E3749DD414C245D3D8 /* Pods-EventsIOS.release.xcconfig */;
			buildSettings = {
				ASSETCATALOG_COMPILER_APPICON_NAME = AppIcon;
				CODE_SIGN_STYLE = Automatic;
				DEVELOPMENT_TEAM = Y99AD5GLT5;
				INFOPLIST_FILE = EventsIOS/Info.plist;
				IPHONEOS_DEPLOYMENT_TARGET = 11.4;
				LD_RUNPATH_SEARCH_PATHS = (
					"$(inherited)",
					"@executable_path/Frameworks",
				);
				PRODUCT_BUNDLE_IDENTIFIER = mx.com.iwebsapp.EventIOS;
				PRODUCT_NAME = "$(TARGET_NAME)";
				SWIFT_VERSION = 4.0;
				TARGETED_DEVICE_FAMILY = "1,2";
			};
			name = Release;
		};
/* End XCBuildConfiguration section */

/* Begin XCConfigurationList section */
		DE4403C920E9FE61002606C4 /* Build configuration list for PBXProject "EventsIOS" */ = {
			isa = XCConfigurationList;
			buildConfigurations = (
				DE4403DE20E9FE65002606C4 /* Debug */,
				DE4403DF20E9FE65002606C4 /* Release */,
			);
			defaultConfigurationIsVisible = 0;
			defaultConfigurationName = Release;
		};
		DE4403E020E9FE65002606C4 /* Build configuration list for PBXNativeTarget "EventsIOS" */ = {
			isa = XCConfigurationList;
			buildConfigurations = (
				DE4403E120E9FE65002606C4 /* Debug */,
				DE4403E220E9FE65002606C4 /* Release */,
			);
			defaultConfigurationIsVisible = 0;
			defaultConfigurationName = Release;
		};
/* End XCConfigurationList section */
	};
	rootObject = DE4403C620E9FE61002606C4 /* Project object */;
}
